// !$*UTF8*$!
{
	archiveVersion = 1;
	classes = {
	};
	objectVersion = 56;
	objects = {

/* Begin PBXBuildFile section */
		78B407FC2B8C82D500D299EC /* FaceFactsApp.swift in Sources */ = {isa = PBXBuildFile; fileRef = 78B407FB2B8C82D500D299EC /* FaceFactsApp.swift */; };
		78B407FE2B8C82D500D299EC /* ContentView.swift in Sources */ = {isa = PBXBuildFile; fileRef = 78B407FD2B8C82D500D299EC /* ContentView.swift */; };
		78B408002B8C82D800D299EC /* Assets.xcassets in Resources */ = {isa = PBXBuildFile; fileRef = 78B407FF2B8C82D800D299EC /* Assets.xcassets */; };
		78B408032B8C82D800D299EC /* Preview Assets.xcassets in Resources */ = {isa = PBXBuildFile; fileRef = 78B408022B8C82D800D299EC /* Preview Assets.xcassets */; };
		78B4080D2B8C82D800D299EC /* FaceFactsTests.swift in Sources */ = {isa = PBXBuildFile; fileRef = 78B4080C2B8C82D800D299EC /* FaceFactsTests.swift */; };
		78B408172B8C82D800D299EC /* FaceFactsUITests.swift in Sources */ = {isa = PBXBuildFile; fileRef = 78B408162B8C82D800D299EC /* FaceFactsUITests.swift */; };
		78B408192B8C82D800D299EC /* FaceFactsUITestsLaunchTests.swift in Sources */ = {isa = PBXBuildFile; fileRef = 78B408182B8C82D800D299EC /* FaceFactsUITestsLaunchTests.swift */; };
		78B408262B8C838300D299EC /* Person.swift in Sources */ = {isa = PBXBuildFile; fileRef = 78B408252B8C838300D299EC /* Person.swift */; };
		78B408282B8C86E300D299EC /* EditPersonView.swift in Sources */ = {isa = PBXBuildFile; fileRef = 78B408272B8C86E300D299EC /* EditPersonView.swift */; };
		78B4082A2B8CA09200D299EC /* PeopleView.swift in Sources */ = {isa = PBXBuildFile; fileRef = 78B408292B8CA09200D299EC /* PeopleView.swift */; };
		78B4082C2B8CA9FA00D299EC /* Event.swift in Sources */ = {isa = PBXBuildFile; fileRef = 78B4082B2B8CA9FA00D299EC /* Event.swift */; };
		78B4082E2B8CACA700D299EC /* EditEventView.swift in Sources */ = {isa = PBXBuildFile; fileRef = 78B4082D2B8CACA700D299EC /* EditEventView.swift */; };
/* End PBXBuildFile section */

/* Begin PBXContainerItemProxy section */
		78B408092B8C82D800D299EC /* PBXContainerItemProxy */ = {
			isa = PBXContainerItemProxy;
			containerPortal = 78B407F02B8C82D500D299EC /* Project object */;
			proxyType = 1;
			remoteGlobalIDString = 78B407F72B8C82D500D299EC;
			remoteInfo = FaceFacts;
		};
		78B408132B8C82D800D299EC /* PBXContainerItemProxy */ = {
			isa = PBXContainerItemProxy;
			containerPortal = 78B407F02B8C82D500D299EC /* Project object */;
			proxyType = 1;
			remoteGlobalIDString = 78B407F72B8C82D500D299EC;
			remoteInfo = FaceFacts;
		};
/* End PBXContainerItemProxy section */

/* Begin PBXFileReference section */
		78B407F82B8C82D500D299EC /* FaceFacts.app */ = {isa = PBXFileReference; explicitFileType = wrapper.application; includeInIndex = 0; path = FaceFacts.app; sourceTree = BUILT_PRODUCTS_DIR; };
		78B407FB2B8C82D500D299EC /* FaceFactsApp.swift */ = {isa = PBXFileReference; lastKnownFileType = sourcecode.swift; path = FaceFactsApp.swift; sourceTree = "<group>"; };
		78B407FD2B8C82D500D299EC /* ContentView.swift */ = {isa = PBXFileReference; lastKnownFileType = sourcecode.swift; path = ContentView.swift; sourceTree = "<group>"; };
		78B407FF2B8C82D800D299EC /* Assets.xcassets */ = {isa = PBXFileReference; lastKnownFileType = folder.assetcatalog; path = Assets.xcassets; sourceTree = "<group>"; };
		78B408022B8C82D800D299EC /* Preview Assets.xcassets */ = {isa = PBXFileReference; lastKnownFileType = folder.assetcatalog; path = "Preview Assets.xcassets"; sourceTree = "<group>"; };
		78B408082B8C82D800D299EC /* FaceFactsTests.xctest */ = {isa = PBXFileReference; explicitFileType = wrapper.cfbundle; includeInIndex = 0; path = FaceFactsTests.xctest; sourceTree = BUILT_PRODUCTS_DIR; };
		78B4080C2B8C82D800D299EC /* FaceFactsTests.swift */ = {isa = PBXFileReference; lastKnownFileType = sourcecode.swift; path = FaceFactsTests.swift; sourceTree = "<group>"; };
		78B408122B8C82D800D299EC /* FaceFactsUITests.xctest */ = {isa = PBXFileReference; explicitFileType = wrapper.cfbundle; includeInIndex = 0; path = FaceFactsUITests.xctest; sourceTree = BUILT_PRODUCTS_DIR; };
		78B408162B8C82D800D299EC /* FaceFactsUITests.swift */ = {isa = PBXFileReference; lastKnownFileType = sourcecode.swift; path = FaceFactsUITests.swift; sourceTree = "<group>"; };
		78B408182B8C82D800D299EC /* FaceFactsUITestsLaunchTests.swift */ = {isa = PBXFileReference; lastKnownFileType = sourcecode.swift; path = FaceFactsUITestsLaunchTests.swift; sourceTree = "<group>"; };
		78B408252B8C838300D299EC /* Person.swift */ = {isa = PBXFileReference; lastKnownFileType = sourcecode.swift; path = Person.swift; sourceTree = "<group>"; };
		78B408272B8C86E300D299EC /* EditPersonView.swift */ = {isa = PBXFileReference; lastKnownFileType = sourcecode.swift; path = EditPersonView.swift; sourceTree = "<group>"; };
		78B408292B8CA09200D299EC /* PeopleView.swift */ = {isa = PBXFileReference; lastKnownFileType = sourcecode.swift; path = PeopleView.swift; sourceTree = "<group>"; };
		78B4082B2B8CA9FA00D299EC /* Event.swift */ = {isa = PBXFileReference; lastKnownFileType = sourcecode.swift; path = Event.swift; sourceTree = "<group>"; };
		78B4082D2B8CACA700D299EC /* EditEventView.swift */ = {isa = PBXFileReference; lastKnownFileType = sourcecode.swift; path = EditEventView.swift; sourceTree = "<group>"; };
/* End PBXFileReference section */

/* Begin PBXFrameworksBuildPhase section */
		78B407F52B8C82D500D299EC /* Frameworks */ = {
			isa = PBXFrameworksBuildPhase;
			buildActionMask = 2147483647;
			files = (
			);
			runOnlyForDeploymentPostprocessing = 0;
		};
		78B408052B8C82D800D299EC /* Frameworks */ = {
			isa = PBXFrameworksBuildPhase;
			buildActionMask = 2147483647;
			files = (
			);
			runOnlyForDeploymentPostprocessing = 0;
		};
		78B4080F2B8C82D800D299EC /* Frameworks */ = {
			isa = PBXFrameworksBuildPhase;
			buildActionMask = 2147483647;
			files = (
			);
			runOnlyForDeploymentPostprocessing = 0;
		};
/* End PBXFrameworksBuildPhase section */

/* Begin PBXGroup section */
		78B407EF2B8C82D500D299EC = {
			isa = PBXGroup;
			children = (
				78B407FA2B8C82D500D299EC /* FaceFacts */,
				78B4080B2B8C82D800D299EC /* FaceFactsTests */,
				78B408152B8C82D800D299EC /* FaceFactsUITests */,
				78B407F92B8C82D500D299EC /* Products */,
			);
			sourceTree = "<group>";
		};
		78B407F92B8C82D500D299EC /* Products */ = {
			isa = PBXGroup;
			children = (
				78B407F82B8C82D500D299EC /* FaceFacts.app */,
				78B408082B8C82D800D299EC /* FaceFactsTests.xctest */,
				78B408122B8C82D800D299EC /* FaceFactsUITests.xctest */,
			);
			name = Products;
			sourceTree = "<group>";
		};
		78B407FA2B8C82D500D299EC /* FaceFacts */ = {
			isa = PBXGroup;
			children = (
				78B407FB2B8C82D500D299EC /* FaceFactsApp.swift */,
				78B407FD2B8C82D500D299EC /* ContentView.swift */,
				78B4082B2B8CA9FA00D299EC /* Event.swift */,
				78B408292B8CA09200D299EC /* PeopleView.swift */,
				78B408272B8C86E300D299EC /* EditPersonView.swift */,
				78B408252B8C838300D299EC /* Person.swift */,
				78B4082D2B8CACA700D299EC /* EditEventView.swift */,
				78B407FF2B8C82D800D299EC /* Assets.xcassets */,
				78B408012B8C82D800D299EC /* Preview Content */,
			);
			path = FaceFacts;
			sourceTree = "<group>";
		};
		78B408012B8C82D800D299EC /* Preview Content */ = {
			isa = PBXGroup;
			children = (
				78B408022B8C82D800D299EC /* Preview Assets.xcassets */,
			);
			path = "Preview Content";
			sourceTree = "<group>";
		};
		78B4080B2B8C82D800D299EC /* FaceFactsTests */ = {
			isa = PBXGroup;
			children = (
				78B4080C2B8C82D800D299EC /* FaceFactsTests.swift */,
			);
			path = FaceFactsTests;
			sourceTree = "<group>";
		};
		78B408152B8C82D800D299EC /* FaceFactsUITests */ = {
			isa = PBXGroup;
			children = (
				78B408162B8C82D800D299EC /* FaceFactsUITests.swift */,
				78B408182B8C82D800D299EC /* FaceFactsUITestsLaunchTests.swift */,
			);
			path = FaceFactsUITests;
			sourceTree = "<group>";
		};
/* End PBXGroup section */

/* Begin PBXNativeTarget section */
		78B407F72B8C82D500D299EC /* FaceFacts */ = {
			isa = PBXNativeTarget;
			buildConfigurationList = 78B4081C2B8C82D800D299EC /* Build configuration list for PBXNativeTarget "FaceFacts" */;
			buildPhases = (
				78B407F42B8C82D500D299EC /* Sources */,
				78B407F52B8C82D500D299EC /* Frameworks */,
				78B407F62B8C82D500D299EC /* Resources */,
			);
			buildRules = (
			);
			dependencies = (
			);
			name = FaceFacts;
			productName = FaceFacts;
			productReference = 78B407F82B8C82D500D299EC /* FaceFacts.app */;
			productType = "com.apple.product-type.application";
		};
		78B408072B8C82D800D299EC /* FaceFactsTests */ = {
			isa = PBXNativeTarget;
			buildConfigurationList = 78B4081F2B8C82D800D299EC /* Build configuration list for PBXNativeTarget "FaceFactsTests" */;
			buildPhases = (
				78B408042B8C82D800D299EC /* Sources */,
				78B408052B8C82D800D299EC /* Frameworks */,
				78B408062B8C82D800D299EC /* Resources */,
			);
			buildRules = (
			);
			dependencies = (
				78B4080A2B8C82D800D299EC /* PBXTargetDependency */,
			);
			name = FaceFactsTests;
			productName = FaceFactsTests;
			productReference = 78B408082B8C82D800D299EC /* FaceFactsTests.xctest */;
			productType = "com.apple.product-type.bundle.unit-test";
		};
		78B408112B8C82D800D299EC /* FaceFactsUITests */ = {
			isa = PBXNativeTarget;
			buildConfigurationList = 78B408222B8C82D800D299EC /* Build configuration list for PBXNativeTarget "FaceFactsUITests" */;
			buildPhases = (
				78B4080E2B8C82D800D299EC /* Sources */,
				78B4080F2B8C82D800D299EC /* Frameworks */,
				78B408102B8C82D800D299EC /* Resources */,
			);
			buildRules = (
			);
			dependencies = (
				78B408142B8C82D800D299EC /* PBXTargetDependency */,
			);
			name = FaceFactsUITests;
			productName = FaceFactsUITests;
			productReference = 78B408122B8C82D800D299EC /* FaceFactsUITests.xctest */;
			productType = "com.apple.product-type.bundle.ui-testing";
		};
/* End PBXNativeTarget section */

/* Begin PBXProject section */
		78B407F02B8C82D500D299EC /* Project object */ = {
			isa = PBXProject;
			attributes = {
				BuildIndependentTargetsInParallel = 1;
				LastSwiftUpdateCheck = 1520;
				LastUpgradeCheck = 1520;
				TargetAttributes = {
					78B407F72B8C82D500D299EC = {
						CreatedOnToolsVersion = 15.2;
					};
					78B408072B8C82D800D299EC = {
						CreatedOnToolsVersion = 15.2;
						TestTargetID = 78B407F72B8C82D500D299EC;
					};
					78B408112B8C82D800D299EC = {
						CreatedOnToolsVersion = 15.2;
						TestTargetID = 78B407F72B8C82D500D299EC;
					};
				};
			};
			buildConfigurationList = 78B407F32B8C82D500D299EC /* Build configuration list for PBXProject "FaceFacts" */;
			compatibilityVersion = "Xcode 14.0";
			developmentRegion = en;
			hasScannedForEncodings = 0;
			knownRegions = (
				en,
				Base,
			);
			mainGroup = 78B407EF2B8C82D500D299EC;
			productRefGroup = 78B407F92B8C82D500D299EC /* Products */;
			projectDirPath = "";
			projectRoot = "";
			targets = (
				78B407F72B8C82D500D299EC /* FaceFacts */,
				78B408072B8C82D800D299EC /* FaceFactsTests */,
				78B408112B8C82D800D299EC /* FaceFactsUITests */,
			);
		};
/* End PBXProject section */

/* Begin PBXResourcesBuildPhase section */
		78B407F62B8C82D500D299EC /* Resources */ = {
			isa = PBXResourcesBuildPhase;
			buildActionMask = 2147483647;
			files = (
				78B408032B8C82D800D299EC /* Preview Assets.xcassets in Resources */,
				78B408002B8C82D800D299EC /* Assets.xcassets in Resources */,
			);
			runOnlyForDeploymentPostprocessing = 0;
		};
		78B408062B8C82D800D299EC /* Resources */ = {
			isa = PBXResourcesBuildPhase;
			buildActionMask = 2147483647;
			files = (
			);
			runOnlyForDeploymentPostprocessing = 0;
		};
		78B408102B8C82D800D299EC /* Resources */ = {
			isa = PBXResourcesBuildPhase;
			buildActionMask = 2147483647;
			files = (
			);
			runOnlyForDeploymentPostprocessing = 0;
		};
/* End PBXResourcesBuildPhase section */

/* Begin PBXSourcesBuildPhase section */
		78B407F42B8C82D500D299EC /* Sources */ = {
			isa = PBXSourcesBuildPhase;
			buildActionMask = 2147483647;
			files = (
				78B408262B8C838300D299EC /* Person.swift in Sources */,
				78B4082A2B8CA09200D299EC /* PeopleView.swift in Sources */,
				78B407FE2B8C82D500D299EC /* ContentView.swift in Sources */,
				78B407FC2B8C82D500D299EC /* FaceFactsApp.swift in Sources */,
				78B4082C2B8CA9FA00D299EC /* Event.swift in Sources */,
				78B408282B8C86E300D299EC /* EditPersonView.swift in Sources */,
				78B4082E2B8CACA700D299EC /* EditEventView.swift in Sources */,
			);
			runOnlyForDeploymentPostprocessing = 0;
		};
		78B408042B8C82D800D299EC /* Sources */ = {
			isa = PBXSourcesBuildPhase;
			buildActionMask = 2147483647;
			files = (
				78B4080D2B8C82D800D299EC /* FaceFactsTests.swift in Sources */,
			);
			runOnlyForDeploymentPostprocessing = 0;
		};
		78B4080E2B8C82D800D299EC /* Sources */ = {
			isa = PBXSourcesBuildPhase;
			buildActionMask = 2147483647;
			files = (
				78B408172B8C82D800D299EC /* FaceFactsUITests.swift in Sources */,
				78B408192B8C82D800D299EC /* FaceFactsUITestsLaunchTests.swift in Sources */,
			);
			runOnlyForDeploymentPostprocessing = 0;
		};
/* End PBXSourcesBuildPhase section */

/* Begin PBXTargetDependency section */
		78B4080A2B8C82D800D299EC /* PBXTargetDependency */ = {
			isa = PBXTargetDependency;
			target = 78B407F72B8C82D500D299EC /* FaceFacts */;
			targetProxy = 78B408092B8C82D800D299EC /* PBXContainerItemProxy */;
		};
		78B408142B8C82D800D299EC /* PBXTargetDependency */ = {
			isa = PBXTargetDependency;
			target = 78B407F72B8C82D500D299EC /* FaceFacts */;
			targetProxy = 78B408132B8C82D800D299EC /* PBXContainerItemProxy */;
		};
/* End PBXTargetDependency section */

/* Begin XCBuildConfiguration section */
		78B4081A2B8C82D800D299EC /* Debug */ = {
			isa = XCBuildConfiguration;
			buildSettings = {
				ALWAYS_SEARCH_USER_PATHS = NO;
				ASSETCATALOG_COMPILER_GENERATE_SWIFT_ASSET_SYMBOL_EXTENSIONS = YES;
				CLANG_ANALYZER_NONNULL = YES;
				CLANG_ANALYZER_NUMBER_OBJECT_CONVERSION = YES_AGGRESSIVE;
				CLANG_CXX_LANGUAGE_STANDARD = "gnu++20";
				CLANG_ENABLE_MODULES = YES;
				CLANG_ENABLE_OBJC_ARC = YES;
				CLANG_ENABLE_OBJC_WEAK = YES;
				CLANG_WARN_BLOCK_CAPTURE_AUTORELEASING = YES;
				CLANG_WARN_BOOL_CONVERSION = YES;
				CLANG_WARN_COMMA = YES;
				CLANG_WARN_CONSTANT_CONVERSION = YES;
				CLANG_WARN_DEPRECATED_OBJC_IMPLEMENTATIONS = YES;
				CLANG_WARN_DIRECT_OBJC_ISA_USAGE = YES_ERROR;
				CLANG_WARN_DOCUMENTATION_COMMENTS = YES;
				CLANG_WARN_EMPTY_BODY = YES;
				CLANG_WARN_ENUM_CONVERSION = YES;
				CLANG_WARN_INFINITE_RECURSION = YES;
				CLANG_WARN_INT_CONVERSION = YES;
				CLANG_WARN_NON_LITERAL_NULL_CONVERSION = YES;
				CLANG_WARN_OBJC_IMPLICIT_RETAIN_SELF = YES;
				CLANG_WARN_OBJC_LITERAL_CONVERSION = YES;
				CLANG_WARN_OBJC_ROOT_CLASS = YES_ERROR;
				CLANG_WARN_QUOTED_INCLUDE_IN_FRAMEWORK_HEADER = YES;
				CLANG_WARN_RANGE_LOOP_ANALYSIS = YES;
				CLANG_WARN_STRICT_PROTOTYPES = YES;
				CLANG_WARN_SUSPICIOUS_MOVE = YES;
				CLANG_WARN_UNGUARDED_AVAILABILITY = YES_AGGRESSIVE;
				CLANG_WARN_UNREACHABLE_CODE = YES;
				CLANG_WARN__DUPLICATE_METHOD_MATCH = YES;
				COPY_PHASE_STRIP = NO;
				DEBUG_INFORMATION_FORMAT = dwarf;
				ENABLE_STRICT_OBJC_MSGSEND = YES;
				ENABLE_TESTABILITY = YES;
				ENABLE_USER_SCRIPT_SANDBOXING = YES;
				GCC_C_LANGUAGE_STANDARD = gnu17;
				GCC_DYNAMIC_NO_PIC = NO;
				GCC_NO_COMMON_BLOCKS = YES;
				GCC_OPTIMIZATION_LEVEL = 0;
				GCC_PREPROCESSOR_DEFINITIONS = (
					"DEBUG=1",
					"$(inherited)",
				);
				GCC_WARN_64_TO_32_BIT_CONVERSION = YES;
				GCC_WARN_ABOUT_RETURN_TYPE = YES_ERROR;
				GCC_WARN_UNDECLARED_SELECTOR = YES;
				GCC_WARN_UNINITIALIZED_AUTOS = YES_AGGRESSIVE;
				GCC_WARN_UNUSED_FUNCTION = YES;
				GCC_WARN_UNUSED_VARIABLE = YES;
				IPHONEOS_DEPLOYMENT_TARGET = 17.2;
				LOCALIZATION_PREFERS_STRING_CATALOGS = YES;
				MTL_ENABLE_DEBUG_INFO = INCLUDE_SOURCE;
				MTL_FAST_MATH = YES;
				ONLY_ACTIVE_ARCH = YES;
				SDKROOT = iphoneos;
				SWIFT_ACTIVE_COMPILATION_CONDITIONS = "DEBUG $(inherited)";
				SWIFT_OPTIMIZATION_LEVEL = "-Onone";
			};
			name = Debug;
		};
		78B4081B2B8C82D800D299EC /* Release */ = {
			isa = XCBuildConfiguration;
			buildSettings = {
				ALWAYS_SEARCH_USER_PATHS = NO;
				ASSETCATALOG_COMPILER_GENERATE_SWIFT_ASSET_SYMBOL_EXTENSIONS = YES;
				CLANG_ANALYZER_NONNULL = YES;
				CLANG_ANALYZER_NUMBER_OBJECT_CONVERSION = YES_AGGRESSIVE;
				CLANG_CXX_LANGUAGE_STANDARD = "gnu++20";
				CLANG_ENABLE_MODULES = YES;
				CLANG_ENABLE_OBJC_ARC = YES;
				CLANG_ENABLE_OBJC_WEAK = YES;
				CLANG_WARN_BLOCK_CAPTURE_AUTORELEASING = YES;
				CLANG_WARN_BOOL_CONVERSION = YES;
				CLANG_WARN_COMMA = YES;
				CLANG_WARN_CONSTANT_CONVERSION = YES;
				CLANG_WARN_DEPRECATED_OBJC_IMPLEMENTATIONS = YES;
				CLANG_WARN_DIRECT_OBJC_ISA_USAGE = YES_ERROR;
				CLANG_WARN_DOCUMENTATION_COMMENTS = YES;
				CLANG_WARN_EMPTY_BODY = YES;
				CLANG_WARN_ENUM_CONVERSION = YES;
				CLANG_WARN_INFINITE_RECURSION = YES;
				CLANG_WARN_INT_CONVERSION = YES;
				CLANG_WARN_NON_LITERAL_NULL_CONVERSION = YES;
				CLANG_WARN_OBJC_IMPLICIT_RETAIN_SELF = YES;
				CLANG_WARN_OBJC_LITERAL_CONVERSION = YES;
				CLANG_WARN_OBJC_ROOT_CLASS = YES_ERROR;
				CLANG_WARN_QUOTED_INCLUDE_IN_FRAMEWORK_HEADER = YES;
				CLANG_WARN_RANGE_LOOP_ANALYSIS = YES;
				CLANG_WARN_STRICT_PROTOTYPES = YES;
				CLANG_WARN_SUSPICIOUS_MOVE = YES;
				CLANG_WARN_UNGUARDED_AVAILABILITY = YES_AGGRESSIVE;
				CLANG_WARN_UNREACHABLE_CODE = YES;
				CLANG_WARN__DUPLICATE_METHOD_MATCH = YES;
				COPY_PHASE_STRIP = NO;
				DEBUG_INFORMATION_FORMAT = "dwarf-with-dsym";
				ENABLE_NS_ASSERTIONS = NO;
				ENABLE_STRICT_OBJC_MSGSEND = YES;
				ENABLE_USER_SCRIPT_SANDBOXING = YES;
				GCC_C_LANGUAGE_STANDARD = gnu17;
				GCC_NO_COMMON_BLOCKS = YES;
				GCC_WARN_64_TO_32_BIT_CONVERSION = YES;
				GCC_WARN_ABOUT_RETURN_TYPE = YES_ERROR;
				GCC_WARN_UNDECLARED_SELECTOR = YES;
				GCC_WARN_UNINITIALIZED_AUTOS = YES_AGGRESSIVE;
				GCC_WARN_UNUSED_FUNCTION = YES;
				GCC_WARN_UNUSED_VARIABLE = YES;
				IPHONEOS_DEPLOYMENT_TARGET = 17.2;
				LOCALIZATION_PREFERS_STRING_CATALOGS = YES;
				MTL_ENABLE_DEBUG_INFO = NO;
				MTL_FAST_MATH = YES;
				SDKROOT = iphoneos;
				SWIFT_COMPILATION_MODE = wholemodule;
				VALIDATE_PRODUCT = YES;
			};
			name = Release;
		};
		78B4081D2B8C82D800D299EC /* Debug */ = {
			isa = XCBuildConfiguration;
			buildSettings = {
				ASSETCATALOG_COMPILER_APPICON_NAME = AppIcon;
				ASSETCATALOG_COMPILER_GLOBAL_ACCENT_COLOR_NAME = AccentColor;
				CODE_SIGN_STYLE = Automatic;
				CURRENT_PROJECT_VERSION = 1;
				DEVELOPMENT_ASSET_PATHS = "\"FaceFacts/Preview Content\"";
				DEVELOPMENT_TEAM = 3X5C5YGPN7;
				ENABLE_PREVIEWS = YES;
				GENERATE_INFOPLIST_FILE = YES;
				INFOPLIST_KEY_UIApplicationSceneManifest_Generation = YES;
				INFOPLIST_KEY_UIApplicationSupportsIndirectInputEvents = YES;
				INFOPLIST_KEY_UILaunchScreen_Generation = YES;
				INFOPLIST_KEY_UISupportedInterfaceOrientations_iPad = "UIInterfaceOrientationPortrait UIInterfaceOrientationPortraitUpsideDown UIInterfaceOrientationLandscapeLeft UIInterfaceOrientationLandscapeRight";
				INFOPLIST_KEY_UISupportedInterfaceOrientations_iPhone = "UIInterfaceOrientationPortrait UIInterfaceOrientationLandscapeLeft UIInterfaceOrientationLandscapeRight";
				LD_RUNPATH_SEARCH_PATHS = (
					"$(inherited)",
					"@executable_path/Frameworks",
				);
				MARKETING_VERSION = 1.0;
				PRODUCT_BUNDLE_IDENTIFIER = com.bhd.FaceFacts;
				PRODUCT_NAME = "$(TARGET_NAME)";
				SWIFT_EMIT_LOC_STRINGS = YES;
				SWIFT_VERSION = 5.0;
				TARGETED_DEVICE_FAMILY = "1,2";
			};
			name = Debug;
		};
		78B4081E2B8C82D800D299EC /* Release */ = {
			isa = XCBuildConfiguration;
			buildSettings = {
				ASSETCATALOG_COMPILER_APPICON_NAME = AppIcon;
				ASSETCATALOG_COMPILER_GLOBAL_ACCENT_COLOR_NAME = AccentColor;
				CODE_SIGN_STYLE = Automatic;
				CURRENT_PROJECT_VERSION = 1;
				DEVELOPMENT_ASSET_PATHS = "\"FaceFacts/Preview Content\"";
				DEVELOPMENT_TEAM = 3X5C5YGPN7;
				ENABLE_PREVIEWS = YES;
				GENERATE_INFOPLIST_FILE = YES;
				INFOPLIST_KEY_UIApplicationSceneManifest_Generation = YES;
				INFOPLIST_KEY_UIApplicationSupportsIndirectInputEvents = YES;
				INFOPLIST_KEY_UILaunchScreen_Generation = YES;
				INFOPLIST_KEY_UISupportedInterfaceOrientations_iPad = "UIInterfaceOrientationPortrait UIInterfaceOrientationPortraitUpsideDown UIInterfaceOrientationLandscapeLeft UIInterfaceOrientationLandscapeRight";
				INFOPLIST_KEY_UISupportedInterfaceOrientations_iPhone = "UIInterfaceOrientationPortrait UIInterfaceOrientationLandscapeLeft UIInterfaceOrientationLandscapeRight";
				LD_RUNPATH_SEARCH_PATHS = (
					"$(inherited)",
					"@executable_path/Frameworks",
				);
				MARKETING_VERSION = 1.0;
				PRODUCT_BUNDLE_IDENTIFIER = com.bhd.FaceFacts;
				PRODUCT_NAME = "$(TARGET_NAME)";
				SWIFT_EMIT_LOC_STRINGS = YES;
				SWIFT_VERSION = 5.0;
				TARGETED_DEVICE_FAMILY = "1,2";
			};
			name = Release;
		};
		78B408202B8C82D800D299EC /* Debug */ = {
			isa = XCBuildConfiguration;
			buildSettings = {
				ALWAYS_EMBED_SWIFT_STANDARD_LIBRARIES = YES;
				BUNDLE_LOADER = "$(TEST_HOST)";
				CODE_SIGN_STYLE = Automatic;
				CURRENT_PROJECT_VERSION = 1;
				DEVELOPMENT_TEAM = 3X5C5YGPN7;
				GENERATE_INFOPLIST_FILE = YES;
				IPHONEOS_DEPLOYMENT_TARGET = 17.2;
				MARKETING_VERSION = 1.0;
				PRODUCT_BUNDLE_IDENTIFIER = com.bhd.FaceFactsTests;
				PRODUCT_NAME = "$(TARGET_NAME)";
				SWIFT_EMIT_LOC_STRINGS = NO;
				SWIFT_VERSION = 5.0;
				TARGETED_DEVICE_FAMILY = "1,2";
				TEST_HOST = "$(BUILT_PRODUCTS_DIR)/FaceFacts.app/$(BUNDLE_EXECUTABLE_FOLDER_PATH)/FaceFacts";
			};
			name = Debug;
		};
		78B408212B8C82D800D299EC /* Release */ = {
			isa = XCBuildConfiguration;
			buildSettings = {
				ALWAYS_EMBED_SWIFT_STANDARD_LIBRARIES = YES;
				BUNDLE_LOADER = "$(TEST_HOST)";
				CODE_SIGN_STYLE = Automatic;
				CURRENT_PROJECT_VERSION = 1;
				DEVELOPMENT_TEAM = 3X5C5YGPN7;
				GENERATE_INFOPLIST_FILE = YES;
				IPHONEOS_DEPLOYMENT_TARGET = 17.2;
				MARKETING_VERSION = 1.0;
				PRODUCT_BUNDLE_IDENTIFIER = com.bhd.FaceFactsTests;
				PRODUCT_NAME = "$(TARGET_NAME)";
				SWIFT_EMIT_LOC_STRINGS = NO;
				SWIFT_VERSION = 5.0;
				TARGETED_DEVICE_FAMILY = "1,2";
				TEST_HOST = "$(BUILT_PRODUCTS_DIR)/FaceFacts.app/$(BUNDLE_EXECUTABLE_FOLDER_PATH)/FaceFacts";
			};
			name = Release;
		};
		78B408232B8C82D800D299EC /* Debug */ = {
			isa = XCBuildConfiguration;
			buildSettings = {
				ALWAYS_EMBED_SWIFT_STANDARD_LIBRARIES = YES;
				CODE_SIGN_STYLE = Automatic;
				CURRENT_PROJECT_VERSION = 1;
				DEVELOPMENT_TEAM = 3X5C5YGPN7;
				GENERATE_INFOPLIST_FILE = YES;
				MARKETING_VERSION = 1.0;
				PRODUCT_BUNDLE_IDENTIFIER = com.bhd.FaceFactsUITests;
				PRODUCT_NAME = "$(TARGET_NAME)";
				SWIFT_EMIT_LOC_STRINGS = NO;
				SWIFT_VERSION = 5.0;
				TARGETED_DEVICE_FAMILY = "1,2";
				TEST_TARGET_NAME = FaceFacts;
			};
			name = Debug;
		};
		78B408242B8C82D800D299EC /* Release */ = {
			isa = XCBuildConfiguration;
			buildSettings = {
				ALWAYS_EMBED_SWIFT_STANDARD_LIBRARIES = YES;
				CODE_SIGN_STYLE = Automatic;
				CURRENT_PROJECT_VERSION = 1;
				DEVELOPMENT_TEAM = 3X5C5YGPN7;
				GENERATE_INFOPLIST_FILE = YES;
				MARKETING_VERSION = 1.0;
				PRODUCT_BUNDLE_IDENTIFIER = com.bhd.FaceFactsUITests;
				PRODUCT_NAME = "$(TARGET_NAME)";
				SWIFT_EMIT_LOC_STRINGS = NO;
				SWIFT_VERSION = 5.0;
				TARGETED_DEVICE_FAMILY = "1,2";
				TEST_TARGET_NAME = FaceFacts;
			};
			name = Release;
		};
/* End XCBuildConfiguration section */

/* Begin XCConfigurationList section */
		78B407F32B8C82D500D299EC /* Build configuration list for PBXProject "FaceFacts" */ = {
			isa = XCConfigurationList;
			buildConfigurations = (
				78B4081A2B8C82D800D299EC /* Debug */,
				78B4081B2B8C82D800D299EC /* Release */,
			);
			defaultConfigurationIsVisible = 0;
			defaultConfigurationName = Release;
		};
		78B4081C2B8C82D800D299EC /* Build configuration list for PBXNativeTarget "FaceFacts" */ = {
			isa = XCConfigurationList;
			buildConfigurations = (
				78B4081D2B8C82D800D299EC /* Debug */,
				78B4081E2B8C82D800D299EC /* Release */,
			);
			defaultConfigurationIsVisible = 0;
			defaultConfigurationName = Release;
		};
		78B4081F2B8C82D800D299EC /* Build configuration list for PBXNativeTarget "FaceFactsTests" */ = {
			isa = XCConfigurationList;
			buildConfigurations = (
				78B408202B8C82D800D299EC /* Debug */,
				78B408212B8C82D800D299EC /* Release */,
			);
			defaultConfigurationIsVisible = 0;
			defaultConfigurationName = Release;
		};
		78B408222B8C82D800D299EC /* Build configuration list for PBXNativeTarget "FaceFactsUITests" */ = {
			isa = XCConfigurationList;
			buildConfigurations = (
				78B408232B8C82D800D299EC /* Debug */,
				78B408242B8C82D800D299EC /* Release */,
			);
			defaultConfigurationIsVisible = 0;
			defaultConfigurationName = Release;
		};
/* End XCConfigurationList section */
	};
	rootObject = 78B407F02B8C82D500D299EC /* Project object */;
}
